
Microsoft Visual Studio Solution File, Format Version 12.00
# Visual Studio Version 16
VisualStudioVersion = 16.0.32002.261
MinimumVisualStudioVersion = 10.0.40219.1
Project("{FAE04EC0-301F-11D3-BF4B-00C04F79EFBC}") = "hotel_mangement", "hotel_mangement.csproj", "{0FD4CF3E-37AE-437A-B74E-8A7AC9B35340}"
EndProject
Global
	GlobalSection(SolutionConfigurationPlatforms) = preSolution
		Debug|Any CPU = Debug|Any CPU
		Release|Any CPU = Release|Any CPU
	EndGlobalSection
	GlobalSection(ProjectConfigurationPlatforms) = postSolution
		{0FD4CF3E-37AE-437A-B74E-8A7AC9B35340}.Debug|Any CPU.ActiveCfg = Debug|Any CPU
		{0FD4CF3E-37AE-437A-B74E-8A7AC9B35340}.Debug|Any CPU.Build.0 = Debug|Any CPU
		{0FD4CF3E-37AE-437A-B74E-8A7AC9B35340}.Release|Any CPU.ActiveCfg = Release|Any CPU
		{0FD4CF3E-37AE-437A-B74E-8A7AC9B35340}.Release|Any CPU.Build.0 = Release|Any CPU
	EndGlobalSection
	GlobalSection(SolutionProperties) = preSolution
		HideSolutionNode = FALSE
	EndGlobalSection
	GlobalSection(ExtensibilityGlobals) = postSolution
		SolutionGuid = {82AB13F3-5775-4F02-A008-CBF6E9BBC0DD}
	EndGlobalSection
EndGlobal
